Microsoft Visual Studio Solution File, Format Version 12.00
# Visual Studio Version 17
VisualStudioVersion = 17.5.2.0
MinimumVisualStudioVersion = 10.0.40219.1
Project("{FAE04EC0-301F-11D3-BF4B-00C04F79EFBC}") = "2MVC", "2MVC.csproj", "{2AED0A4C-B6BF-6A15-15EA-77F0FABA5E2C}"
EndProject
Global
	GlobalSection(SolutionConfigurationPlatforms) = preSolution
		Debug|Any CPU = Debug|Any CPU
		Release|Any CPU = Release|Any CPU
	EndGlobalSection
	GlobalSection(ProjectConfigurationPlatforms) = postSolution
		{2AED0A4C-B6BF-6A15-15EA-77F0FABA5E2C}.Debug|Any CPU.ActiveCfg = Debug|Any CPU
		{2AED0A4C-B6BF-6A15-15EA-77F0FABA5E2C}.Debug|Any CPU.Build.0 = Debug|Any CPU
		{2AED0A4C-B6BF-6A15-15EA-77F0FABA5E2C}.Release|Any CPU.ActiveCfg = Release|Any CPU
		{2AED0A4C-B6BF-6A15-15EA-77F0FABA5E2C}.Release|Any CPU.Build.0 = Release|Any CPU
	EndGlobalSection
	GlobalSection(SolutionProperties) = preSolution
		HideSolutionNode = FALSE
	EndGlobalSection
	GlobalSection(ExtensibilityGlobals) = postSolution
		SolutionGuid = {2AA451A9-94BD-4022-A613-93E3A5098297}
	EndGlobalSection
EndGlobal
